
Microsoft Visual Studio Solution File, Format Version 12.00
# Visual Studio Version 16
VisualStudioVersion = 16.0.31402.337
MinimumVisualStudioVersion = 10.0.40219.1
Project("{FAE04EC0-301F-11D3-BF4B-00C04F79EFBC}") = "AbstractFactory", "AbstractFactory.csproj", "{2BEAE67F-866B-4AA2-9767-63B724AD4473}"
EndProject
Global
	GlobalSection(SolutionConfigurationPlatforms) = preSolution
		Debug|Any CPU = Debug|Any CPU
		Release|Any CPU = Release|Any CPU
	EndGlobalSection
	GlobalSection(ProjectConfigurationPlatforms) = postSolution
		{2BEAE67F-866B-4AA2-9767-63B724AD4473}.Debug|Any CPU.ActiveCfg = Debug|Any CPU
		{2BEAE67F-866B-4AA2-9767-63B724AD4473}.Debug|Any CPU.Build.0 = Debug|Any CPU
		{2BEAE67F-866B-4AA2-9767-63B724AD4473}.Release|Any CPU.ActiveCfg = Release|Any CPU
		{2BEAE67F-866B-4AA2-9767-63B724AD4473}.Release|Any CPU.Build.0 = Release|Any CPU
	EndGlobalSection
	GlobalSection(SolutionProperties) = preSolution
		HideSolutionNode = FALSE
	EndGlobalSection
	GlobalSection(ExtensibilityGlobals) = postSolution
		SolutionGuid = {76422EA2-C58B-40A0-B631-DEB4931FFC5A}
	EndGlobalSection
EndGlobal
